
Microsoft Visual Studio Solution File, Format Version 12.00
# Visual Studio Version 17
VisualStudioVersion = 17.9.34701.34
MinimumVisualStudioVersion = 10.0.40219.1
Project("{FAE04EC0-301F-11D3-BF4B-00C04F79EFBC}") = "LINQ", "LINQ\LINQ.csproj", "{0D9A9C64-901E-4E82-AEF0-EC07C6308175}"
EndProject
Global
	GlobalSection(SolutionConfigurationPlatforms) = preSolution
		Debug|Any CPU = Debug|Any CPU
		Release|Any CPU = Release|Any CPU
	EndGlobalSection
	GlobalSection(ProjectConfigurationPlatforms) = postSolution
		{0D9A9C64-901E-4E82-AEF0-EC07C6308175}.Debug|Any CPU.ActiveCfg = Debug|Any CPU
		{0D9A9C64-901E-4E82-AEF0-EC07C6308175}.Debug|Any CPU.Build.0 = Debug|Any CPU
		{0D9A9C64-901E-4E82-AEF0-EC07C6308175}.Release|Any CPU.ActiveCfg = Release|Any CPU
		{0D9A9C64-901E-4E82-AEF0-EC07C6308175}.Release|Any CPU.Build.0 = Release|Any CPU
	EndGlobalSection
	GlobalSection(SolutionProperties) = preSolution
		HideSolutionNode = FALSE
	EndGlobalSection
	GlobalSection(ExtensibilityGlobals) = postSolution
		SolutionGuid = {AC6D2CF1-6AE0-4758-A848-43DDADE09AF7}
	EndGlobalSection
EndGlobal
